
Microsoft Visual Studio Solution File, Format Version 12.00
# Visual Studio Version 17
VisualStudioVersion = 17.14.36127.28
MinimumVisualStudioVersion = 10.0.40219.1
Project("{FAE04EC0-301F-11D3-BF4B-00C04F79EFBC}") = "Ucenje", "Ucenje\Ucenje.csproj", "{2F7573F5-5DB6-4147-806D-F9E4B060458B}"
EndProject
Project("{FAE04EC0-301F-11D3-BF4B-00C04F79EFBC}") = "WebAPI", "WebAPI\WebAPI.csproj", "{8A7B0365-FC37-4A6B-B755-B348F65FBED7}"
EndProject
Global
	GlobalSection(SolutionConfigurationPlatforms) = preSolution
		Debug|Any CPU = Debug|Any CPU
		Release|Any CPU = Release|Any CPU
	EndGlobalSection
	GlobalSection(ProjectConfigurationPlatforms) = postSolution
		{2F7573F5-5DB6-4147-806D-F9E4B060458B}.Debug|Any CPU.ActiveCfg = Debug|Any CPU
		{2F7573F5-5DB6-4147-806D-F9E4B060458B}.Debug|Any CPU.Build.0 = Debug|Any CPU
		{2F7573F5-5DB6-4147-806D-F9E4B060458B}.Release|Any CPU.ActiveCfg = Release|Any CPU
		{2F7573F5-5DB6-4147-806D-F9E4B060458B}.Release|Any CPU.Build.0 = Release|Any CPU
		{8A7B0365-FC37-4A6B-B755-B348F65FBED7}.Debug|Any CPU.ActiveCfg = Debug|Any CPU
		{8A7B0365-FC37-4A6B-B755-B348F65FBED7}.Debug|Any CPU.Build.0 = Debug|Any CPU
		{8A7B0365-FC37-4A6B-B755-B348F65FBED7}.Release|Any CPU.ActiveCfg = Release|Any CPU
		{8A7B0365-FC37-4A6B-B755-B348F65FBED7}.Release|Any CPU.Build.0 = Release|Any CPU
	EndGlobalSection
	GlobalSection(SolutionProperties) = preSolution
		HideSolutionNode = FALSE
	EndGlobalSection
	GlobalSection(ExtensibilityGlobals) = postSolution
		SolutionGuid = {E19B1A9B-B6BE-404B-A58E-7E4D1527BFC3}
	EndGlobalSection
EndGlobal
